<?xml version="1.0" encoding="Windows-1252"?>
<Project ToolsVersion="4.0" xmlns="http://schemas.microsoft.com/developer/msbuild/2003">
  <ItemGroup>
    <ClCompile Include="E:\Documents\Visual Studio 2012\Projects\cvGDI\cvGDI.cpp">
      <Filter>Source Files</Filter>
    </ClCompile>
    <ClCompile Include="E:\Documents\Visual Studio 2012\Projects\cvGDI\main.cpp">
      <Filter>Source Files</Filter>
    </ClCompile>
  </ItemGroup>
  <ItemGroup>
    <ClInclude Include="E:\Documents\Visual Studio 2012\Projects\cvGDI\cvGDI.h">
      <Filter>Header Files</Filter>
    </ClInclude>
  </ItemGroup>
  <ItemGroup>
    <CustomBuild Include="E:\Documents\Visual Studio 2012\Projects\cvGDI\CMakeLists.txt" />
  </ItemGroup>
  <ItemGroup>
    <Filter Include="Source Files">
      <UniqueIdentifier>{6CE09E27-86C5-428D-8E9D-D6F00879A8B0}</UniqueIdentifier>
    </Filter>
    <Filter Include="Header Files">
      <UniqueIdentifier>{EFDE080E-D5E3-40FD-B7DB-25427C72F0AA}</UniqueIdentifier>
    </Filter>
  </ItemGroup>
</Project>
